
Microsoft Visual Studio Solution File, Format Version 12.00
# Visual Studio Version 17
Project("{8BC9CEB8-8B4A-11D0-8D11-00A0C91BC942}") = "ALL_BUILD", "ALL_BUILD.vcxproj", "{5051EB08-A1FD-3818-BA02-EC441C342A2C}"
	ProjectSection(ProjectDependencies) = postProject
		{64EC9208-2EEF-35A3-8AF9-1E823CEBE6B5} = {64EC9208-2EEF-35A3-8AF9-1E823CEBE6B5}
		{1D7FCDCC-29F2-35CC-8F2B-CE54F4AC5AA8} = {1D7FCDCC-29F2-35CC-8F2B-CE54F4AC5AA8}
		{FF2E63F9-8806-38B4-B85E-95F3966B2B09} = {FF2E63F9-8806-38B4-B85E-95F3966B2B09}
		{3ABECE41-924B-3C78-9D72-ED1A09D5AB52} = {3ABECE41-924B-3C78-9D72-ED1A09D5AB52}
		{26E6D47A-D5B6-3823-AAF6-E9C5D051BD16} = {26E6D47A-D5B6-3823-AAF6-E9C5D051BD16}
		{2B862B98-F9FB-3D06-AE49-9E20B23F519F} = {2B862B98-F9FB-3D06-AE49-9E20B23F519F}
		{4A1CA9B2-B1D0-3FCB-8255-2C5899E17855} = {4A1CA9B2-B1D0-3FCB-8255-2C5899E17855}
		{B044B42B-72A3-3F6F-8191-6A55A2135AD4} = {B044B42B-72A3-3F6F-8191-6A55A2135AD4}
		{B551BA79-AED3-37A5-9EF9-DDB6F039767B} = {B551BA79-AED3-37A5-9EF9-DDB6F039767B}
	EndProjectSection
EndProject
Project("{8BC9CEB8-8B4A-11D0-8D11-00A0C91BC942}") = "INSTALL", "INSTALL.vcxproj", "{7B5B1F2E-A735-3CB3-B9C7-797A6234BA9E}"
	ProjectSection(ProjectDependencies) = postProject
		{5051EB08-A1FD-3818-BA02-EC441C342A2C} = {5051EB08-A1FD-3818-BA02-EC441C342A2C}
		{64EC9208-2EEF-35A3-8AF9-1E823CEBE6B5} = {64EC9208-2EEF-35A3-8AF9-1E823CEBE6B5}
	EndProjectSection
EndProject
Project("{8BC9CEB8-8B4A-11D0-8D11-00A0C91BC942}") = "RUN_TESTS", "RUN_TESTS.vcxproj", "{9D5EA5AD-F94D-3E12-95A1-ABFA5CD25B0A}"
	ProjectSection(ProjectDependencies) = postProject
		{64EC9208-2EEF-35A3-8AF9-1E823CEBE6B5} = {64EC9208-2EEF-35A3-8AF9-1E823CEBE6B5}
	EndProjectSection
EndProject
Project("{8BC9CEB8-8B4A-11D0-8D11-00A0C91BC942}") = "ZERO_CHECK", "ZERO_CHECK.vcxproj", "{64EC9208-2EEF-35A3-8AF9-1E823CEBE6B5}"
	ProjectSection(ProjectDependencies) = postProject
	EndProjectSection
EndProject
Project("{8BC9CEB8-8B4A-11D0-8D11-00A0C91BC942}") = "doxygen_docs", "doxygen_docs.vcxproj", "{11F85223-68E5-3B78-97DB-D4BAB15E33DE}"
	ProjectSection(ProjectDependencies) = postProject
		{64EC9208-2EEF-35A3-8AF9-1E823CEBE6B5} = {64EC9208-2EEF-35A3-8AF9-1E823CEBE6B5}
	EndProjectSection
EndProject
Project("{8BC9CEB8-8B4A-11D0-8D11-00A0C91BC942}") = "gmock", "_deps\googletest-build\googlemock\gmock.vcxproj", "{1D7FCDCC-29F2-35CC-8F2B-CE54F4AC5AA8}"
	ProjectSection(ProjectDependencies) = postProject
		{64EC9208-2EEF-35A3-8AF9-1E823CEBE6B5} = {64EC9208-2EEF-35A3-8AF9-1E823CEBE6B5}
	EndProjectSection
EndProject
Project("{8BC9CEB8-8B4A-11D0-8D11-00A0C91BC942}") = "gmock_main", "_deps\googletest-build\googlemock\gmock_main.vcxproj", "{FF2E63F9-8806-38B4-B85E-95F3966B2B09}"
	ProjectSection(ProjectDependencies) = postProject
		{64EC9208-2EEF-35A3-8AF9-1E823CEBE6B5} = {64EC9208-2EEF-35A3-8AF9-1E823CEBE6B5}
	EndProjectSection
EndProject
Project("{8BC9CEB8-8B4A-11D0-8D11-00A0C91BC942}") = "gtest", "_deps\googletest-build\googletest\gtest.vcxproj", "{3ABECE41-924B-3C78-9D72-ED1A09D5AB52}"
	ProjectSection(ProjectDependencies) = postProject
		{64EC9208-2EEF-35A3-8AF9-1E823CEBE6B5} = {64EC9208-2EEF-35A3-8AF9-1E823CEBE6B5}
	EndProjectSection
EndProject
Project("{8BC9CEB8-8B4A-11D0-8D11-00A0C91BC942}") = "gtest_main", "_deps\googletest-build\googletest\gtest_main.vcxproj", "{26E6D47A-D5B6-3823-AAF6-E9C5D051BD16}"
	ProjectSection(ProjectDependencies) = postProject
		{64EC9208-2EEF-35A3-8AF9-1E823CEBE6B5} = {64EC9208-2EEF-35A3-8AF9-1E823CEBE6B5}
		{3ABECE41-924B-3C78-9D72-ED1A09D5AB52} = {3ABECE41-924B-3C78-9D72-ED1A09D5AB52}
	EndProjectSection
EndProject
Project("{8BC9CEB8-8B4A-11D0-8D11-00A0C91BC942}") = "recipe", "src\recipe\recipe.vcxproj", "{2B862B98-F9FB-3D06-AE49-9E20B23F519F}"
	ProjectSection(ProjectDependencies) = postProject
		{64EC9208-2EEF-35A3-8AF9-1E823CEBE6B5} = {64EC9208-2EEF-35A3-8AF9-1E823CEBE6B5}
	EndProjectSection
EndProject
Project("{8BC9CEB8-8B4A-11D0-8D11-00A0C91BC942}") = "recipe_lib", "recipe_lib.vcxproj", "{4A1CA9B2-B1D0-3FCB-8255-2C5899E17855}"
	ProjectSection(ProjectDependencies) = postProject
		{64EC9208-2EEF-35A3-8AF9-1E823CEBE6B5} = {64EC9208-2EEF-35A3-8AF9-1E823CEBE6B5}
	EndProjectSection
EndProject
Project("{8BC9CEB8-8B4A-11D0-8D11-00A0C91BC942}") = "recipe_tests", "recipe_tests.vcxproj", "{B044B42B-72A3-3F6F-8191-6A55A2135AD4}"
	ProjectSection(ProjectDependencies) = postProject
		{64EC9208-2EEF-35A3-8AF9-1E823CEBE6B5} = {64EC9208-2EEF-35A3-8AF9-1E823CEBE6B5}
		{3ABECE41-924B-3C78-9D72-ED1A09D5AB52} = {3ABECE41-924B-3C78-9D72-ED1A09D5AB52}
		{26E6D47A-D5B6-3823-AAF6-E9C5D051BD16} = {26E6D47A-D5B6-3823-AAF6-E9C5D051BD16}
		{4A1CA9B2-B1D0-3FCB-8255-2C5899E17855} = {4A1CA9B2-B1D0-3FCB-8255-2C5899E17855}
	EndProjectSection
EndProject
Project("{8BC9CEB8-8B4A-11D0-8D11-00A0C91BC942}") = "recipeapp", "src\recipeapp\recipeapp.vcxproj", "{B551BA79-AED3-37A5-9EF9-DDB6F039767B}"
	ProjectSection(ProjectDependencies) = postProject
		{64EC9208-2EEF-35A3-8AF9-1E823CEBE6B5} = {64EC9208-2EEF-35A3-8AF9-1E823CEBE6B5}
		{2B862B98-F9FB-3D06-AE49-9E20B23F519F} = {2B862B98-F9FB-3D06-AE49-9E20B23F519F}
	EndProjectSection
EndProject
Global
	GlobalSection(SolutionConfigurationPlatforms) = preSolution
		Debug|x64 = Debug|x64
		Release|x64 = Release|x64
	EndGlobalSection
	GlobalSection(ProjectConfigurationPlatforms) = postSolution
		{5051EB08-A1FD-3818-BA02-EC441C342A2C}.Debug|x64.ActiveCfg = Debug|x64
		{5051EB08-A1FD-3818-BA02-EC441C342A2C}.Debug|x64.Build.0 = Debug|x64
		{5051EB08-A1FD-3818-BA02-EC441C342A2C}.Release|x64.ActiveCfg = Release|x64
		{5051EB08-A1FD-3818-BA02-EC441C342A2C}.Release|x64.Build.0 = Release|x64
		{7B5B1F2E-A735-3CB3-B9C7-797A6234BA9E}.Debug|x64.ActiveCfg = Debug|x64
		{7B5B1F2E-A735-3CB3-B9C7-797A6234BA9E}.Release|x64.ActiveCfg = Release|x64
		{9D5EA5AD-F94D-3E12-95A1-ABFA5CD25B0A}.Debug|x64.ActiveCfg = Debug|x64
		{9D5EA5AD-F94D-3E12-95A1-ABFA5CD25B0A}.Release|x64.ActiveCfg = Release|x64
		{64EC9208-2EEF-35A3-8AF9-1E823CEBE6B5}.Debug|x64.ActiveCfg = Debug|x64
		{64EC9208-2EEF-35A3-8AF9-1E823CEBE6B5}.Debug|x64.Build.0 = Debug|x64
		{64EC9208-2EEF-35A3-8AF9-1E823CEBE6B5}.Release|x64.ActiveCfg = Release|x64
		{64EC9208-2EEF-35A3-8AF9-1E823CEBE6B5}.Release|x64.Build.0 = Release|x64
		{11F85223-68E5-3B78-97DB-D4BAB15E33DE}.Debug|x64.ActiveCfg = Debug|x64
		{11F85223-68E5-3B78-97DB-D4BAB15E33DE}.Release|x64.ActiveCfg = Release|x64
		{1D7FCDCC-29F2-35CC-8F2B-CE54F4AC5AA8}.Debug|x64.ActiveCfg = Debug|x64
		{1D7FCDCC-29F2-35CC-8F2B-CE54F4AC5AA8}.Debug|x64.Build.0 = Debug|x64
		{1D7FCDCC-29F2-35CC-8F2B-CE54F4AC5AA8}.Release|x64.ActiveCfg = Release|x64
		{1D7FCDCC-29F2-35CC-8F2B-CE54F4AC5AA8}.Release|x64.Build.0 = Release|x64
		{FF2E63F9-8806-38B4-B85E-95F3966B2B09}.Debug|x64.ActiveCfg = Debug|x64
		{FF2E63F9-8806-38B4-B85E-95F3966B2B09}.Debug|x64.Build.0 = Debug|x64
		{FF2E63F9-8806-38B4-B85E-95F3966B2B09}.Release|x64.ActiveCfg = Release|x64
		{FF2E63F9-8806-38B4-B85E-95F3966B2B09}.Release|x64.Build.0 = Release|x64
		{3ABECE41-924B-3C78-9D72-ED1A09D5AB52}.Debug|x64.ActiveCfg = Debug|x64
		{3ABECE41-924B-3C78-9D72-ED1A09D5AB52}.Debug|x64.Build.0 = Debug|x64
		{3ABECE41-924B-3C78-9D72-ED1A09D5AB52}.Release|x64.ActiveCfg = Release|x64
		{3ABECE41-924B-3C78-9D72-ED1A09D5AB52}.Release|x64.Build.0 = Release|x64
		{26E6D47A-D5B6-3823-AAF6-E9C5D051BD16}.Debug|x64.ActiveCfg = Debug|x64
		{26E6D47A-D5B6-3823-AAF6-E9C5D051BD16}.Debug|x64.Build.0 = Debug|x64
		{26E6D47A-D5B6-3823-AAF6-E9C5D051BD16}.Release|x64.ActiveCfg = Release|x64
		{26E6D47A-D5B6-3823-AAF6-E9C5D051BD16}.Release|x64.Build.0 = Release|x64
		{2B862B98-F9FB-3D06-AE49-9E20B23F519F}.Debug|x64.ActiveCfg = Debug|x64
		{2B862B98-F9FB-3D06-AE49-9E20B23F519F}.Debug|x64.Build.0 = Debug|x64
		{2B862B98-F9FB-3D06-AE49-9E20B23F519F}.Release|x64.ActiveCfg = Release|x64
		{2B862B98-F9FB-3D06-AE49-9E20B23F519F}.Release|x64.Build.0 = Release|x64
		{4A1CA9B2-B1D0-3FCB-8255-2C5899E17855}.Debug|x64.ActiveCfg = Debug|x64
		{4A1CA9B2-B1D0-3FCB-8255-2C5899E17855}.Debug|x64.Build.0 = Debug|x64
		{4A1CA9B2-B1D0-3FCB-8255-2C5899E17855}.Release|x64.ActiveCfg = Release|x64
		{4A1CA9B2-B1D0-3FCB-8255-2C5899E17855}.Release|x64.Build.0 = Release|x64
		{B044B42B-72A3-3F6F-8191-6A55A2135AD4}.Debug|x64.ActiveCfg = Debug|x64
		{B044B42B-72A3-3F6F-8191-6A55A2135AD4}.Debug|x64.Build.0 = Debug|x64
		{B044B42B-72A3-3F6F-8191-6A55A2135AD4}.Release|x64.ActiveCfg = Release|x64
		{B044B42B-72A3-3F6F-8191-6A55A2135AD4}.Release|x64.Build.0 = Release|x64
		{B551BA79-AED3-37A5-9EF9-DDB6F039767B}.Debug|x64.ActiveCfg = Debug|x64
		{B551BA79-AED3-37A5-9EF9-DDB6F039767B}.Debug|x64.Build.0 = Debug|x64
		{B551BA79-AED3-37A5-9EF9-DDB6F039767B}.Release|x64.ActiveCfg = Release|x64
		{B551BA79-AED3-37A5-9EF9-DDB6F039767B}.Release|x64.Build.0 = Release|x64
	EndGlobalSection
	GlobalSection(ExtensibilityGlobals) = postSolution
		SolutionGuid = {19F8BF53-1649-3124-81A9-D5662F6206EC}
	EndGlobalSection
	GlobalSection(ExtensibilityAddIns) = postSolution
	EndGlobalSection
EndGlobal
